
Microsoft Visual Studio Solution File, Format Version 12.00
# Visual Studio Version 17
VisualStudioVersion = 17.8.34330.188
MinimumVisualStudioVersion = 10.0.40219.1
Project("{9A19103F-16F7-4668-BE54-9A1E7A4F7556}") = "dvmconsole", "dvmconsole\dvmconsole.csproj", "{710D1FA8-2E0D-42CB-9174-FCD9EB7A718F}"
EndProject
Project("{2150E333-8FDC-42A3-9474-1A3956D46DE8}") = "Solution Items", "Solution Items", "{B5A7CF60-CCDE-4B2B-85C1-86AE3A19FB31}"
	ProjectSection(SolutionItems) = preProject
		.editorconfig = .editorconfig
	EndProjectSection
EndProject
Project("{9A19103F-16F7-4668-BE54-9A1E7A4F7556}") = "fnecore", "fnecore\fnecore.csproj", "{1F06ECB1-9928-1430-63F4-2E01522A0510}"
EndProject
Global
	GlobalSection(SolutionConfigurationPlatforms) = preSolution
		Debug|x64 = Debug|x64
		Debug|x86 = Debug|x86
		Release|x64 = Release|x64
		Release|x86 = Release|x86
	EndGlobalSection
	GlobalSection(ProjectConfigurationPlatforms) = postSolution
		{710D1FA8-2E0D-42CB-9174-FCD9EB7A718F}.Debug|x64.ActiveCfg = Debug|x64
		{710D1FA8-2E0D-42CB-9174-FCD9EB7A718F}.Debug|x64.Build.0 = Debug|x64
		{710D1FA8-2E0D-42CB-9174-FCD9EB7A718F}.Debug|x86.ActiveCfg = Debug|x86
		{710D1FA8-2E0D-42CB-9174-FCD9EB7A718F}.Debug|x86.Build.0 = Debug|x86
		{710D1FA8-2E0D-42CB-9174-FCD9EB7A718F}.Release|x64.ActiveCfg = Release|x64
		{710D1FA8-2E0D-42CB-9174-FCD9EB7A718F}.Release|x64.Build.0 = Release|x64
		{710D1FA8-2E0D-42CB-9174-FCD9EB7A718F}.Release|x86.ActiveCfg = Release|x86
		{710D1FA8-2E0D-42CB-9174-FCD9EB7A718F}.Release|x86.Build.0 = Release|x86
		{1F06ECB1-9928-1430-63F4-2E01522A0510}.Debug|x64.ActiveCfg = Debug|Any CPU
		{1F06ECB1-9928-1430-63F4-2E01522A0510}.Debug|x64.Build.0 = Debug|Any CPU
		{1F06ECB1-9928-1430-63F4-2E01522A0510}.Debug|x86.ActiveCfg = Debug|Any CPU
		{1F06ECB1-9928-1430-63F4-2E01522A0510}.Debug|x86.Build.0 = Debug|Any CPU
		{1F06ECB1-9928-1430-63F4-2E01522A0510}.Release|x64.ActiveCfg = Release|Any CPU
		{1F06ECB1-9928-1430-63F4-2E01522A0510}.Release|x64.Build.0 = Release|Any CPU
		{1F06ECB1-9928-1430-63F4-2E01522A0510}.Release|x86.ActiveCfg = Release|Any CPU
		{1F06ECB1-9928-1430-63F4-2E01522A0510}.Release|x86.Build.0 = Release|Any CPU
	EndGlobalSection
	GlobalSection(SolutionProperties) = preSolution
		HideSolutionNode = FALSE
	EndGlobalSection
	GlobalSection(ExtensibilityGlobals) = postSolution
		SolutionGuid = {2891343C-A29A-4952-B9E1-2468A3DA70DC}
	EndGlobalSection
EndGlobal
